
Microsoft Visual Studio Solution File, Format Version 12.00
# Visual Studio Version 17
VisualStudioVersion = 17.6.33829.357
MinimumVisualStudioVersion = 10.0.40219.1
Project("{FAE04EC0-301F-11D3-BF4B-00C04F79EFBC}") = "Naser University", "Naser University\Naser University.csproj", "{28087BAB-4C53-482F-9C85-DB7CE12E906D}"
EndProject
Project("{2150E333-8FDC-42A3-9474-1A3956D46DE8}") = "DashboardConnten", "DashboardConnten", "{0C938181-B54C-4454-8C29-92C9BDB8B24C}"
EndProject
Global
	GlobalSection(SolutionConfigurationPlatforms) = preSolution
		Debug|Any CPU = Debug|Any CPU
		Release|Any CPU = Release|Any CPU
	EndGlobalSection
	GlobalSection(ProjectConfigurationPlatforms) = postSolution
		{28087BAB-4C53-482F-9C85-DB7CE12E906D}.Debug|Any CPU.ActiveCfg = Debug|Any CPU
		{28087BAB-4C53-482F-9C85-DB7CE12E906D}.Debug|Any CPU.Build.0 = Debug|Any CPU
		{28087BAB-4C53-482F-9C85-DB7CE12E906D}.Release|Any CPU.ActiveCfg = Release|Any CPU
		{28087BAB-4C53-482F-9C85-DB7CE12E906D}.Release|Any CPU.Build.0 = Release|Any CPU
	EndGlobalSection
	GlobalSection(SolutionProperties) = preSolution
		HideSolutionNode = FALSE
	EndGlobalSection
	GlobalSection(ExtensibilityGlobals) = postSolution
		SolutionGuid = {D251C8CF-8B43-415D-B45C-E48DAAE7D389}
	EndGlobalSection
EndGlobal
